
Microsoft Visual Studio Solution File, Format Version 12.00
# Visual Studio Version 17
VisualStudioVersion = 17.5.33516.290
MinimumVisualStudioVersion = 10.0.40219.1
Project("{9A19103F-16F7-4668-BE54-9A1E7A4F7556}") = "NewsAnalyzerExecutor", "NewsAnalyzerExecutor.csproj", "{DD23F3E6-EAD3-478C-92AE-AC65141B9719}"
EndProject
Global
	GlobalSection(SolutionConfigurationPlatforms) = preSolution
		Debug|Any CPU = Debug|Any CPU
		Release|Any CPU = Release|Any CPU
	EndGlobalSection
	GlobalSection(ProjectConfigurationPlatforms) = postSolution
		{DD23F3E6-EAD3-478C-92AE-AC65141B9719}.Debug|Any CPU.ActiveCfg = Debug|Any CPU
		{DD23F3E6-EAD3-478C-92AE-AC65141B9719}.Debug|Any CPU.Build.0 = Debug|Any CPU
		{DD23F3E6-EAD3-478C-92AE-AC65141B9719}.Release|Any CPU.ActiveCfg = Release|Any CPU
		{DD23F3E6-EAD3-478C-92AE-AC65141B9719}.Release|Any CPU.Build.0 = Release|Any CPU
	EndGlobalSection
	GlobalSection(SolutionProperties) = preSolution
		HideSolutionNode = FALSE
	EndGlobalSection
	GlobalSection(ExtensibilityGlobals) = postSolution
		SolutionGuid = {BBBFE2DB-171E-42E9-8413-205AC0FB7957}
	EndGlobalSection
EndGlobal
